
Microsoft Visual Studio Solution File, Format Version 11.00
# Visual Studio 2010
Project("{FAE04EC0-301F-11D3-BF4B-00C04F79EFBC}") = "Mictlanix.Iam", "Mictlanix.Iam\Mictlanix.Iam.csproj", "{95E04E08-7CED-497A-964E-030B751D405F}"
EndProject
Global
	GlobalSection(SolutionConfigurationPlatforms) = preSolution
		Debug|Any CPU = Debug|Any CPU
		Release|Any CPU = Release|Any CPU
	EndGlobalSection
	GlobalSection(ProjectConfigurationPlatforms) = postSolution
		{95E04E08-7CED-497A-964E-030B751D405F}.Debug|Any CPU.ActiveCfg = Debug|Any CPU
		{95E04E08-7CED-497A-964E-030B751D405F}.Debug|Any CPU.Build.0 = Debug|Any CPU
		{95E04E08-7CED-497A-964E-030B751D405F}.Release|Any CPU.ActiveCfg = Release|Any CPU
		{95E04E08-7CED-497A-964E-030B751D405F}.Release|Any CPU.Build.0 = Release|Any CPU
	EndGlobalSection
	GlobalSection(SolutionProperties) = preSolution
		HideSolutionNode = FALSE
	EndGlobalSection
EndGlobal
